<?xml version="1.0" encoding="utf-8"?>
<Project ToolsVersion="4.0" xmlns="http://schemas.microsoft.com/developer/msbuild/2003">
  <ItemGroup>
    <ClCompile Include="Container\Cave.cpp" />
    <ClCompile Include="Container\Map.cpp" />
    <ClCompile Include="Container\Room.cpp" />
    <ClCompile Include="main - kopia.cpp" />
    <ClCompile Include="Main.cpp" />
    <ClCompile Include="UserInterface\Application.cpp" />
    <ClCompile Include="UserInterface\Game.cpp" />
    <ClCompile Include="UserInterface\GameStateManager.cpp" />
    <ClCompile Include="UserInterface\Menu.cpp" />
    <ClCompile Include="UserInterface\State.cpp" />
    <ClCompile Include="Tests\main - kopia.cpp" />
    <ClCompile Include="Tests\test_Stack.cpp" />
    <ClCompile Include="Tests\test_twitter.cpp" />
    <ClCompile Include="Tests\testMap.cpp" />
    <ClCompile Include="Gameplay\Enemy.cpp" />
    <ClCompile Include="Gameplay\Entity.cpp" />
    <ClCompile Include="Gameplay\Floor.cpp" />
    <ClCompile Include="Gameplay\Item.cpp" />
    <ClCompile Include="Gameplay\Mob.cpp" />
    <ClCompile Include="Gameplay\NonMoveable.cpp" />
    <ClCompile Include="Gameplay\Player.cpp" />
    <ClCompile Include="Gameplay\Structure.cpp" />
    <ClCompile Include="Container\Inventory.cpp" />
    <ClCompile Include="Utility\InputManager.cpp" />
    <ClCompile Include="Utility\Twitter.cpp" />
    <ClCompile Include="Container\EntityHandler.cpp" />
  </ItemGroup>
  <ItemGroup>
    <ClInclude Include="Container\Cave.h" />
    <ClInclude Include="Container\Map.h" />
    <ClInclude Include="Container\Room.h" />
    <ClInclude Include="include\curl\curl.h" />
    <ClInclude Include="include\curl\curlbuild.h" />
    <ClInclude Include="include\curl\curlrules.h" />
    <ClInclude Include="include\curl\curlver.h" />
    <ClInclude Include="include\curl\easy.h" />
    <ClInclude Include="include\curl\mprintf.h" />
    <ClInclude Include="include\curl\multi.h" />
    <ClInclude Include="include\curl\stdcheaders.h" />
    <ClInclude Include="include\curl\typecheck-gcc.h" />
    <ClInclude Include="include\oauthlib.h" />
    <ClInclude Include="include\twitcurl.h" />
    <ClInclude Include="twitterClient.h" />
    <ClInclude Include="UserInterface\Application.h" />
    <ClInclude Include="UserInterface\Game.h" />
    <ClInclude Include="UserInterface\GameStateManager.h" />
    <ClInclude Include="UserInterface\IStack.h" />
    <ClInclude Include="UserInterface\Menu.h" />
    <ClInclude Include="UserInterface\Stack.h" />
    <ClInclude Include="UserInterface\State.h" />
    <ClInclude Include="Gameplay\Enemy.h" />
    <ClInclude Include="Gameplay\Entity.h" />
    <ClInclude Include="Gameplay\Floor.h" />
    <ClInclude Include="Gameplay\Item.h" />
    <ClInclude Include="Gameplay\Mob.h" />
    <ClInclude Include="Gameplay\NonMoveable.h" />
    <ClInclude Include="Gameplay\Player.h" />
    <ClInclude Include="Gameplay\Structure.h" />
    <ClInclude Include="Container\Inventory.h" />
    <ClInclude Include="Utility\InputManager.h" />
    <ClInclude Include="Utility\Twitter.h" />
    <ClInclude Include="Utility\twitterClient.h" />
    <ClInclude Include="Container\EntityHandler.h" />
  </ItemGroup>
  <ItemGroup>
    <Library Include="lib\twitcurl.lib" />
  </ItemGroup>
  <ItemGroup>
    <None Include="libeay32.dll" />
    <None Include="openal32.dll" />
    <None Include="sfml-audio-2.dll" />
    <None Include="sfml-audio-d-2.dll" />
    <None Include="sfml-graphics-2.dll" />
    <None Include="sfml-graphics-d-2.dll" />
    <None Include="sfml-network-2.dll" />
    <None Include="sfml-network-d-2.dll" />
    <None Include="sfml-system-2.dll" />
    <None Include="sfml-system-d-2.dll" />
    <None Include="sfml-window-2.dll" />
    <None Include="sfml-window-d-2.dll" />
    <None Include="ssleay32.dll" />
    <None Include="UserInterface\libeay32.dll" />
  </ItemGroup>
</Project>